
Microsoft Visual Studio Solution File, Format Version 12.00
# Visual Studio Version 17
VisualStudioVersion = 17.8.34330.188
MinimumVisualStudioVersion = 10.0.40219.1
Project("{FAE04EC0-301F-11D3-BF4B-00C04F79EFBC}") = "LibraryAPIv2", "LibraryAPIv2.csproj", "{39D59FB2-BE6E-4B98-AE90-E9A576E52880}"
EndProject
Global
	GlobalSection(SolutionConfigurationPlatforms) = preSolution
		Debug|Any CPU = Debug|Any CPU
		Release|Any CPU = Release|Any CPU
	EndGlobalSection
	GlobalSection(ProjectConfigurationPlatforms) = postSolution
		{39D59FB2-BE6E-4B98-AE90-E9A576E52880}.Debug|Any CPU.ActiveCfg = Debug|Any CPU
		{39D59FB2-BE6E-4B98-AE90-E9A576E52880}.Debug|Any CPU.Build.0 = Debug|Any CPU
		{39D59FB2-BE6E-4B98-AE90-E9A576E52880}.Release|Any CPU.ActiveCfg = Release|Any CPU
		{39D59FB2-BE6E-4B98-AE90-E9A576E52880}.Release|Any CPU.Build.0 = Release|Any CPU
	EndGlobalSection
	GlobalSection(SolutionProperties) = preSolution
		HideSolutionNode = FALSE
	EndGlobalSection
	GlobalSection(ExtensibilityGlobals) = postSolution
		SolutionGuid = {B25720CB-6E67-4447-A853-7BDF53D96F03}
	EndGlobalSection
EndGlobal
